// !$*UTF8*$!
{
	archiveVersion = 1;
	classes = {
	};
	objectVersion = 46;
	objects = {

/* Begin PBXBuildFile section */
		BDFD7FF11A4376FF006454E3 /* AppDelegate.swift in Sources */ = {isa = PBXBuildFile; fileRef = BDFD7FF01A4376FF006454E3 /* AppDelegate.swift */; };
		BDFD7FF31A4376FF006454E3 /* ViewController.swift in Sources */ = {isa = PBXBuildFile; fileRef = BDFD7FF21A4376FF006454E3 /* ViewController.swift */; };
		BDFD7FF61A4376FF006454E3 /* Main.storyboard in Resources */ = {isa = PBXBuildFile; fileRef = BDFD7FF41A4376FF006454E3 /* Main.storyboard */; };
		BDFD7FF81A4376FF006454E3 /* Images.xcassets in Resources */ = {isa = PBXBuildFile; fileRef = BDFD7FF71A4376FF006454E3 /* Images.xcassets */; };
		BDFD7FFB1A4376FF006454E3 /* LaunchScreen.xib in Resources */ = {isa = PBXBuildFile; fileRef = BDFD7FF91A4376FF006454E3 /* LaunchScreen.xib */; };
		BDFD80071A4376FF006454E3 /* EjemploLEXcodeTests.swift in Sources */ = {isa = PBXBuildFile; fileRef = BDFD80061A4376FF006454E3 /* EjemploLEXcodeTests.swift */; };
/* End PBXBuildFile section */

/* Begin PBXContainerItemProxy section */
		BDFD80011A4376FF006454E3 /* PBXContainerItemProxy */ = {
			isa = PBXContainerItemProxy;
			containerPortal = BDFD7FE31A4376FF006454E3 /* Project object */;
			proxyType = 1;
			remoteGlobalIDString = BDFD7FEA1A4376FF006454E3;
			remoteInfo = EjemploLEXcode;
		};
/* End PBXContainerItemProxy section */

/* Begin PBXFileReference section */
		BDFD7FEB1A4376FF006454E3 /* EjemploLEXcode.app */ = {isa = PBXFileReference; explicitFileType = wrapper.application; includeInIndex = 0; path = EjemploLEXcode.app; sourceTree = BUILT_PRODUCTS_DIR; };
		BDFD7FEF1A4376FF006454E3 /* Info.plist */ = {isa = PBXFileReference; lastKnownFileType = text.plist.xml; path = Info.plist; sourceTree = "<group>"; };
		BDFD7FF01A4376FF006454E3 /* AppDelegate.swift */ = {isa = PBXFileReference; lastKnownFileType = sourcecode.swift; path = AppDelegate.swift; sourceTree = "<group>"; };
		BDFD7FF21A4376FF006454E3 /* ViewController.swift */ = {isa = PBXFileReference; lastKnownFileType = sourcecode.swift; path = ViewController.swift; sourceTree = "<group>"; };
		BDFD7FF51A4376FF006454E3 /* Base */ = {isa = PBXFileReference; lastKnownFileType = file.storyboard; name = Base; path = Base.lproj/Main.storyboard; sourceTree = "<group>"; };
		BDFD7FF71A4376FF006454E3 /* Images.xcassets */ = {isa = PBXFileReference; lastKnownFileType = folder.assetcatalog; path = Images.xcassets; sourceTree = "<group>"; };
		BDFD7FFA1A4376FF006454E3 /* Base */ = {isa = PBXFileReference; lastKnownFileType = file.xib; name = Base; path = Base.lproj/LaunchScreen.xib; sourceTree = "<group>"; };
		BDFD80001A4376FF006454E3 /* EjemploLEXcodeTests.xctest */ = {isa = PBXFileReference; explicitFileType = wrapper.cfbundle; includeInIndex = 0; path = EjemploLEXcodeTests.xctest; sourceTree = BUILT_PRODUCTS_DIR; };
		BDFD80051A4376FF006454E3 /* Info.plist */ = {isa = PBXFileReference; lastKnownFileType = text.plist.xml; path = Info.plist; sourceTree = "<group>"; };
		BDFD80061A4376FF006454E3 /* EjemploLEXcodeTests.swift */ = {isa = PBXFileReference; lastKnownFileType = sourcecode.swift; path = EjemploLEXcodeTests.swift; sourceTree = "<group>"; };
/* End PBXFileReference section */

/* Begin PBXFrameworksBuildPhase section */
		BDFD7FE81A4376FF006454E3 /* Frameworks */ = {
			isa = PBXFrameworksBuildPhase;
			buildActionMask = 2147483647;
			files = (
			);
			runOnlyForDeploymentPostprocessing = 0;
		};
		BDFD7FFD1A4376FF006454E3 /* Frameworks */ = {
			isa = PBXFrameworksBuildPhase;
			buildActionMask = 2147483647;
			files = (
			);
			runOnlyForDeploymentPostprocessing = 0;
		};
/* End PBXFrameworksBuildPhase section */

/* Begin PBXGroup section */
		BDFD7FE21A4376FF006454E3 = {
			isa = PBXGroup;
			children = (
				BDFD7FED1A4376FF006454E3 /* EjemploLEXcode */,
				BDFD80031A4376FF006454E3 /* EjemploLEXcodeTests */,
				BDFD7FEC1A4376FF006454E3 /* Products */,
			);
			sourceTree = "<group>";
		};
		BDFD7FEC1A4376FF006454E3 /* Products */ = {
			isa = PBXGroup;
			children = (
				BDFD7FEB1A4376FF006454E3 /* EjemploLEXcode.app */,
				BDFD80001A4376FF006454E3 /* EjemploLEXcodeTests.xctest */,
			);
			name = Products;
			sourceTree = "<group>";
		};
		BDFD7FED1A4376FF006454E3 /* EjemploLEXcode */ = {
			isa = PBXGroup;
			children = (
				BDFD7FF01A4376FF006454E3 /* AppDelegate.swift */,
				BDFD7FF21A4376FF006454E3 /* ViewController.swift */,
				BDFD7FF41A4376FF006454E3 /* Main.storyboard */,
				BDFD7FF71A4376FF006454E3 /* Images.xcassets */,
				BDFD7FF91A4376FF006454E3 /* LaunchScreen.xib */,
				BDFD7FEE1A4376FF006454E3 /* Supporting Files */,
			);
			path = EjemploLEXcode;
			sourceTree = "<group>";
		};
		BDFD7FEE1A4376FF006454E3 /* Supporting Files */ = {
			isa = PBXGroup;
			children = (
				BDFD7FEF1A4376FF006454E3 /* Info.plist */,
			);
			name = "Supporting Files";
			sourceTree = "<group>";
		};
		BDFD80031A4376FF006454E3 /* EjemploLEXcodeTests */ = {
			isa = PBXGroup;
			children = (
				BDFD80061A4376FF006454E3 /* EjemploLEXcodeTests.swift */,
				BDFD80041A4376FF006454E3 /* Supporting Files */,
			);
			path = EjemploLEXcodeTests;
			sourceTree = "<group>";
		};
		BDFD80041A4376FF006454E3 /* Supporting Files */ = {
			isa = PBXGroup;
			children = (
				BDFD80051A4376FF006454E3 /* Info.plist */,
			);
			name = "Supporting Files";
			sourceTree = "<group>";
		};
/* End PBXGroup section */

/* Begin PBXNativeTarget section */
		BDFD7FEA1A4376FF006454E3 /* EjemploLEXcode */ = {
			isa = PBXNativeTarget;
			buildConfigurationList = BDFD800A1A4376FF006454E3 /* Build configuration list for PBXNativeTarget "EjemploLEXcode" */;
			buildPhases = (
				BDFD7FE71A4376FF006454E3 /* Sources */,
				BDFD7FE81A4376FF006454E3 /* Frameworks */,
				BDFD7FE91A4376FF006454E3 /* Resources */,
			);
			buildRules = (
			);
			dependencies = (
			);
			name = EjemploLEXcode;
			productName = EjemploLEXcode;
			productReference = BDFD7FEB1A4376FF006454E3 /* EjemploLEXcode.app */;
			productType = "com.apple.product-type.application";
		};
		BDFD7FFF1A4376FF006454E3 /* EjemploLEXcodeTests */ = {
			isa = PBXNativeTarget;
			buildConfigurationList = BDFD800D1A4376FF006454E3 /* Build configuration list for PBXNativeTarget "EjemploLEXcodeTests" */;
			buildPhases = (
				BDFD7FFC1A4376FF006454E3 /* Sources */,
				BDFD7FFD1A4376FF006454E3 /* Frameworks */,
				BDFD7FFE1A4376FF006454E3 /* Resources */,
			);
			buildRules = (
			);
			dependencies = (
				BDFD80021A4376FF006454E3 /* PBXTargetDependency */,
			);
			name = EjemploLEXcodeTests;
			productName = EjemploLEXcodeTests;
			productReference = BDFD80001A4376FF006454E3 /* EjemploLEXcodeTests.xctest */;
			productType = "com.apple.product-type.bundle.unit-test";
		};
/* End PBXNativeTarget section */

/* Begin PBXProject section */
		BDFD7FE31A4376FF006454E3 /* Project object */ = {
			isa = PBXProject;
			attributes = {
				LastUpgradeCheck = 0610;
				ORGANIZATIONNAME = kos;
				TargetAttributes = {
					BDFD7FEA1A4376FF006454E3 = {
						CreatedOnToolsVersion = 6.1.1;
					};
					BDFD7FFF1A4376FF006454E3 = {
						CreatedOnToolsVersion = 6.1.1;
						TestTargetID = BDFD7FEA1A4376FF006454E3;
					};
				};
			};
			buildConfigurationList = BDFD7FE61A4376FF006454E3 /* Build configuration list for PBXProject "EjemploLEXcode" */;
			compatibilityVersion = "Xcode 3.2";
			developmentRegion = English;
			hasScannedForEncodings = 0;
			knownRegions = (
				en,
				Base,
			);
			mainGroup = BDFD7FE21A4376FF006454E3;
			productRefGroup = BDFD7FEC1A4376FF006454E3 /* Products */;
			projectDirPath = "";
			projectRoot = "";
			targets = (
				BDFD7FEA1A4376FF006454E3 /* EjemploLEXcode */,
				BDFD7FFF1A4376FF006454E3 /* EjemploLEXcodeTests */,
			);
		};
/* End PBXProject section */

/* Begin PBXResourcesBuildPhase section */
		BDFD7FE91A4376FF006454E3 /* Resources */ = {
			isa = PBXResourcesBuildPhase;
			buildActionMask = 2147483647;
			files = (
				BDFD7FF61A4376FF006454E3 /* Main.storyboard in Resources */,
				BDFD7FFB1A4376FF006454E3 /* LaunchScreen.xib in Resources */,
				BDFD7FF81A4376FF006454E3 /* Images.xcassets in Resources */,
			);
			runOnlyForDeploymentPostprocessing = 0;
		};
		BDFD7FFE1A4376FF006454E3 /* Resources */ = {
			isa = PBXResourcesBuildPhase;
			buildActionMask = 2147483647;
			files = (
			);
			runOnlyForDeploymentPostprocessing = 0;
		};
/* End PBXResourcesBuildPhase section */

/* Begin PBXSourcesBuildPhase section */
		BDFD7FE71A4376FF006454E3 /* Sources */ = {
			isa = PBXSourcesBuildPhase;
			buildActionMask = 2147483647;
			files = (
				BDFD7FF31A4376FF006454E3 /* ViewController.swift in Sources */,
				BDFD7FF11A4376FF006454E3 /* AppDelegate.swift in Sources */,
			);
			runOnlyForDeploymentPostprocessing = 0;
		};
		BDFD7FFC1A4376FF006454E3 /* Sources */ = {
			isa = PBXSourcesBuildPhase;
			buildActionMask = 2147483647;
			files = (
				BDFD80071A4376FF006454E3 /* EjemploLEXcodeTests.swift in Sources */,
			);
			runOnlyForDeploymentPostprocessing = 0;
		};
/* End PBXSourcesBuildPhase section */

/* Begin PBXTargetDependency section */
		BDFD80021A4376FF006454E3 /* PBXTargetDependency */ = {
			isa = PBXTargetDependency;
			target = BDFD7FEA1A4376FF006454E3 /* EjemploLEXcode */;
			targetProxy = BDFD80011A4376FF006454E3 /* PBXContainerItemProxy */;
		};
/* End PBXTargetDependency section */

/* Begin PBXVariantGroup section */
		BDFD7FF41A4376FF006454E3 /* Main.storyboard */ = {
			isa = PBXVariantGroup;
			children = (
				BDFD7FF51A4376FF006454E3 /* Base */,
			);
			name = Main.storyboard;
			sourceTree = "<group>";
		};
		BDFD7FF91A4376FF006454E3 /* LaunchScreen.xib */ = {
			isa = PBXVariantGroup;
			children = (
				BDFD7FFA1A4376FF006454E3 /* Base */,
			);
			name = LaunchScreen.xib;
			sourceTree = "<group>";
		};
/* End PBXVariantGroup section */

/* Begin XCBuildConfiguration section */
		BDFD80081A4376FF006454E3 /* Debug */ = {
			isa = XCBuildConfiguration;
			buildSettings = {
				ALWAYS_SEARCH_USER_PATHS = NO;
				CLANG_CXX_LANGUAGE_STANDARD = "gnu++0x";
				CLANG_CXX_LIBRARY = "libc++";
				CLANG_ENABLE_MODULES = YES;
				CLANG_ENABLE_OBJC_ARC = YES;
				CLANG_WARN_BOOL_CONVERSION = YES;
				CLANG_WARN_CONSTANT_CONVERSION = YES;
				CLANG_WARN_DIRECT_OBJC_ISA_USAGE = YES_ERROR;
				CLANG_WARN_EMPTY_BODY = YES;
				CLANG_WARN_ENUM_CONVERSION = YES;
				CLANG_WARN_INT_CONVERSION = YES;
				CLANG_WARN_OBJC_ROOT_CLASS = YES_ERROR;
				CLANG_WARN_UNREACHABLE_CODE = YES;
				CLANG_WARN__DUPLICATE_METHOD_MATCH = YES;
				"CODE_SIGN_IDENTITY[sdk=iphoneos*]" = "iPhone Developer";
				COPY_PHASE_STRIP = NO;
				ENABLE_STRICT_OBJC_MSGSEND = YES;
				GCC_C_LANGUAGE_STANDARD = gnu99;
				GCC_DYNAMIC_NO_PIC = NO;
				GCC_OPTIMIZATION_LEVEL = 0;
				GCC_PREPROCESSOR_DEFINITIONS = (
					"DEBUG=1",
					"$(inherited)",
				);
				GCC_SYMBOLS_PRIVATE_EXTERN = NO;
				GCC_WARN_64_TO_32_BIT_CONVERSION = YES;
				GCC_WARN_ABOUT_RETURN_TYPE = YES_ERROR;
				GCC_WARN_UNDECLARED_SELECTOR = YES;
				GCC_WARN_UNINITIALIZED_AUTOS = YES_AGGRESSIVE;
				GCC_WARN_UNUSED_FUNCTION = YES;
				GCC_WARN_UNUSED_VARIABLE = YES;
				IPHONEOS_DEPLOYMENT_TARGET = 8.1;
				MTL_ENABLE_DEBUG_INFO = YES;
				ONLY_ACTIVE_ARCH = YES;
				SDKROOT = iphoneos;
				SWIFT_OPTIMIZATION_LEVEL = "-Onone";
			};
			name = Debug;
		};
		BDFD80091A4376FF006454E3 /* Release */ = {
			isa = XCBuildConfiguration;
			buildSettings = {
				ALWAYS_SEARCH_USER_PATHS = NO;
				CLANG_CXX_LANGUAGE_STANDARD = "gnu++0x";
				CLANG_CXX_LIBRARY = "libc++";
				CLANG_ENABLE_MODULES = YES;
				CLANG_ENABLE_OBJC_ARC = YES;
				CLANG_WARN_BOOL_CONVERSION = YES;
				CLANG_WARN_CONSTANT_CONVERSION = YES;
				CLANG_WARN_DIRECT_OBJC_ISA_USAGE = YES_ERROR;
				CLANG_WARN_EMPTY_BODY = YES;
				CLANG_WARN_ENUM_CONVERSION = YES;
				CLANG_WARN_INT_CONVERSION = YES;
				CLANG_WARN_OBJC_ROOT_CLASS = YES_ERROR;
				CLANG_WARN_UNREACHABLE_CODE = YES;
				CLANG_WARN__DUPLICATE_METHOD_MATCH = YES;
				"CODE_SIGN_IDENTITY[sdk=iphoneos*]" = "iPhone Developer";
				COPY_PHASE_STRIP = YES;
				ENABLE_NS_ASSERTIONS = NO;
				ENABLE_STRICT_OBJC_MSGSEND = YES;
				GCC_C_LANGUAGE_STANDARD = gnu99;
				GCC_WARN_64_TO_32_BIT_CONVERSION = YES;
				GCC_WARN_ABOUT_RETURN_TYPE = YES_ERROR;
				GCC_WARN_UNDECLARED_SELECTOR = YES;
				GCC_WARN_UNINITIALIZED_AUTOS = YES_AGGRESSIVE;
				GCC_WARN_UNUSED_FUNCTION = YES;
				GCC_WARN_UNUSED_VARIABLE = YES;
				IPHONEOS_DEPLOYMENT_TARGET = 8.1;
				MTL_ENABLE_DEBUG_INFO = NO;
				SDKROOT = iphoneos;
				VALIDATE_PRODUCT = YES;
			};
			name = Release;
		};
		BDFD800B1A4376FF006454E3 /* Debug */ = {
			isa = XCBuildConfiguration;
			buildSettings = {
				ASSETCATALOG_COMPILER_APPICON_NAME = AppIcon;
				INFOPLIST_FILE = EjemploLEXcode/Info.plist;
				LD_RUNPATH_SEARCH_PATHS = "$(inherited) @executable_path/Frameworks";
				PRODUCT_NAME = "$(TARGET_NAME)";
			};
			name = Debug;
		};
		BDFD800C1A4376FF006454E3 /* Release */ = {
			isa = XCBuildConfiguration;
			buildSettings = {
				ASSETCATALOG_COMPILER_APPICON_NAME = AppIcon;
				INFOPLIST_FILE = EjemploLEXcode/Info.plist;
				LD_RUNPATH_SEARCH_PATHS = "$(inherited) @executable_path/Frameworks";
				PRODUCT_NAME = "$(TARGET_NAME)";
			};
			name = Release;
		};
		BDFD800E1A4376FF006454E3 /* Debug */ = {
			isa = XCBuildConfiguration;
			buildSettings = {
				BUNDLE_LOADER = "$(TEST_HOST)";
				FRAMEWORK_SEARCH_PATHS = (
					"$(SDKROOT)/Developer/Library/Frameworks",
					"$(inherited)",
				);
				GCC_PREPROCESSOR_DEFINITIONS = (
					"DEBUG=1",
					"$(inherited)",
				);
				INFOPLIST_FILE = EjemploLEXcodeTests/Info.plist;
				LD_RUNPATH_SEARCH_PATHS = "$(inherited) @executable_path/Frameworks @loader_path/Frameworks";
				PRODUCT_NAME = "$(TARGET_NAME)";
				TEST_HOST = "$(BUILT_PRODUCTS_DIR)/EjemploLEXcode.app/EjemploLEXcode";
			};
			name = Debug;
		};
		BDFD800F1A4376FF006454E3 /* Release */ = {
			isa = XCBuildConfiguration;
			buildSettings = {
				BUNDLE_LOADER = "$(TEST_HOST)";
				FRAMEWORK_SEARCH_PATHS = (
					"$(SDKROOT)/Developer/Library/Frameworks",
					"$(inherited)",
				);
				INFOPLIST_FILE = EjemploLEXcodeTests/Info.plist;
				LD_RUNPATH_SEARCH_PATHS = "$(inherited) @executable_path/Frameworks @loader_path/Frameworks";
				PRODUCT_NAME = "$(TARGET_NAME)";
				TEST_HOST = "$(BUILT_PRODUCTS_DIR)/EjemploLEXcode.app/EjemploLEXcode";
			};
			name = Release;
		};
/* End XCBuildConfiguration section */

/* Begin XCConfigurationList section */
		BDFD7FE61A4376FF006454E3 /* Build configuration list for PBXProject "EjemploLEXcode" */ = {
			isa = XCConfigurationList;
			buildConfigurations = (
				BDFD80081A4376FF006454E3 /* Debug */,
				BDFD80091A4376FF006454E3 /* Release */,
			);
			defaultConfigurationIsVisible = 0;
			defaultConfigurationName = Release;
		};
		BDFD800A1A4376FF006454E3 /* Build configuration list for PBXNativeTarget "EjemploLEXcode" */ = {
			isa = XCConfigurationList;
			buildConfigurations = (
				BDFD800B1A4376FF006454E3 /* Debug */,
				BDFD800C1A4376FF006454E3 /* Release */,
			);
			defaultConfigurationIsVisible = 0;
		};
		BDFD800D1A4376FF006454E3 /* Build configuration list for PBXNativeTarget "EjemploLEXcodeTests" */ = {
			isa = XCConfigurationList;
			buildConfigurations = (
				BDFD800E1A4376FF006454E3 /* Debug */,
				BDFD800F1A4376FF006454E3 /* Release */,
			);
			defaultConfigurationIsVisible = 0;
		};
/* End XCConfigurationList section */
	};
	rootObject = BDFD7FE31A4376FF006454E3 /* Project object */;
}
